
Microsoft Visual Studio Solution File, Format Version 12.00
# Visual Studio 15
Project("{FAE04EC0-301F-11D3-BF4B-00C04F79EFBC}") = "z1", "Assembly-CSharp.csproj", "{50B9BCC8-3BD0-03E3-65AF-87BEB474DEC1}"
EndProject
Global
	GlobalSection(SolutionConfigurationPlatforms) = preSolution
		Debug|Any CPU = Debug|Any CPU
		Release|Any CPU = Release|Any CPU
	EndGlobalSection
	GlobalSection(ProjectConfigurationPlatforms) = postSolution
		{50B9BCC8-3BD0-03E3-65AF-87BEB474DEC1}.Debug|Any CPU.ActiveCfg = Debug|Any CPU
		{50B9BCC8-3BD0-03E3-65AF-87BEB474DEC1}.Debug|Any CPU.Build.0 = Debug|Any CPU
		{50B9BCC8-3BD0-03E3-65AF-87BEB474DEC1}.Release|Any CPU.ActiveCfg = Release|Any CPU
		{50B9BCC8-3BD0-03E3-65AF-87BEB474DEC1}.Release|Any CPU.Build.0 = Release|Any CPU
	EndGlobalSection
	GlobalSection(SolutionProperties) = preSolution
		HideSolutionNode = FALSE
	EndGlobalSection
EndGlobal
